
Microsoft Visual Studio Solution File, Format Version 12.00
# Visual Studio Version 17
VisualStudioVersion = 17.8.34112.27
MinimumVisualStudioVersion = 10.0.40219.1
Project("{8BC9CEB8-8B4A-11D0-8D11-00A0C91BC942}") = "NullPfn", "NullPfn.vcxproj", "{0E99E46F-81A3-42E4-98D8-A14A18D3F81C}"
EndProject
Global
	GlobalSection(SolutionConfigurationPlatforms) = preSolution
		Debug|ARM64 = Debug|ARM64
		Debug|x64 = Debug|x64
		Release|ARM64 = Release|ARM64
		Release|x64 = Release|x64
	EndGlobalSection
	GlobalSection(ProjectConfigurationPlatforms) = postSolution
		{0E99E46F-81A3-42E4-98D8-A14A18D3F81C}.Debug|ARM64.ActiveCfg = Debug|ARM64
		{0E99E46F-81A3-42E4-98D8-A14A18D3F81C}.Debug|ARM64.Build.0 = Debug|ARM64
		{0E99E46F-81A3-42E4-98D8-A14A18D3F81C}.Debug|ARM64.Deploy.0 = Debug|ARM64
		{0E99E46F-81A3-42E4-98D8-A14A18D3F81C}.Debug|x64.ActiveCfg = Debug|x64
		{0E99E46F-81A3-42E4-98D8-A14A18D3F81C}.Debug|x64.Build.0 = Debug|x64
		{0E99E46F-81A3-42E4-98D8-A14A18D3F81C}.Debug|x64.Deploy.0 = Debug|x64
		{0E99E46F-81A3-42E4-98D8-A14A18D3F81C}.Release|ARM64.ActiveCfg = Release|ARM64
		{0E99E46F-81A3-42E4-98D8-A14A18D3F81C}.Release|ARM64.Build.0 = Release|ARM64
		{0E99E46F-81A3-42E4-98D8-A14A18D3F81C}.Release|ARM64.Deploy.0 = Release|ARM64
		{0E99E46F-81A3-42E4-98D8-A14A18D3F81C}.Release|x64.ActiveCfg = Release|x64
		{0E99E46F-81A3-42E4-98D8-A14A18D3F81C}.Release|x64.Build.0 = Release|x64
		{0E99E46F-81A3-42E4-98D8-A14A18D3F81C}.Release|x64.Deploy.0 = Release|x64
	EndGlobalSection
	GlobalSection(SolutionProperties) = preSolution
		HideSolutionNode = FALSE
	EndGlobalSection
	GlobalSection(ExtensibilityGlobals) = postSolution
		SolutionGuid = {7D394C7E-4302-475E-8613-9DC7F84985F6}
	EndGlobalSection
EndGlobal
